
Microsoft Visual Studio Solution File, Format Version 9.00
# Visual Studio 2005
Project("{FAE04EC0-301F-11D3-BF4B-00C04F79EFBC}") = "ZH_LOL_DUAL", "ZH_LOL_DUAL\ZH_LOL_DUAL.csproj", "{2500A816-FF63-4DA0-9EFC-5C1822FF6DBE}"
EndProject
Global
	GlobalSection(SolutionConfigurationPlatforms) = preSolution
		Debug|Any CPU = Debug|Any CPU
		Release|Any CPU = Release|Any CPU
	EndGlobalSection
	GlobalSection(ProjectConfigurationPlatforms) = postSolution
		{2500A816-FF63-4DA0-9EFC-5C1822FF6DBE}.Debug|Any CPU.ActiveCfg = Debug|Any CPU
		{2500A816-FF63-4DA0-9EFC-5C1822FF6DBE}.Debug|Any CPU.Build.0 = Debug|Any CPU
		{2500A816-FF63-4DA0-9EFC-5C1822FF6DBE}.Release|Any CPU.ActiveCfg = Release|Any CPU
		{2500A816-FF63-4DA0-9EFC-5C1822FF6DBE}.Release|Any CPU.Build.0 = Release|Any CPU
	EndGlobalSection
	GlobalSection(SolutionProperties) = preSolution
		HideSolutionNode = FALSE
	EndGlobalSection
EndGlobal
